github.com/cespare/xxhash/v2 v2.2.0 h1:DC2CZ1Ep5Y4k3ZQ899DldepgrayRUGE6BBZ/cd9Cj44=
github.com/cespare/xxhash/v2 v2.2.0/go.mod h1:VGX0DQ3Q6kWi7AoAeZDth3/j3BFtOZR5XLFGgcrjCOs=
github.com/dgryski/go-rendezvous v0.0.0-20200823014737-9f7001d12a5f h1:lO4WD4F/rVNCu3HqELle0jiPLLBs70cWOduZpkS1E78=
github.com/dgryski/go-rendezvous v0.0.0-20200823014737-9f7001d12a5f/go.mod h1:cuUVRXasLTGF7a8hSLbxyZXjz+1KgoB3wDUb6vlszIc=
github.com/go-redis/redismock/v9 v9.2.0 h1:ZrMYQeKPECZPjOj5u9eyOjg8Nnb0BS9lkVIZ6IpsKLw=
github.com/go-redis/redismock/v9 v9.2.0/go.mod h1:18KHfGDK4Y6c2R0H38EUGWAdc7ZQS9gfYxc94k7rWT0=
github.com/redis/go-redis/extra/rediscmd/v9 v9.7.0 h1:BIx9TNZH/Jsr4l1i7VVxnV0JPiwYj8qyrHyuL0fGZrk=
github.com/redis/go-redis/extra/rediscmd/v9 v9.7.0/go.mod h1:eTg/YQtGYAZD5r3DlGlJptJ45AHA+/G+2NPn30PKzik=
github.com/redis/go-redis/v9 v9.7.0 h1:HhLSs+B6O021gwzl+locl0zEDnyNkxMtf/Z3NNBMa9E=
github.com/redis/go-redis/v9 v9.7.0/go.mod h1:f6zhXITC7JUJIlPEiBOTXxJgPLdZcA93GewI7inzyWw=
github.com/rmscoal/tengcorux/tracer v0.1.4 h1:iiJTb/RQt3O/gvf7Vo6YQwHYW5Io1WvGZv0V7fJRFVU=
github.com/rmscoal/tengcorux/tracer v0.1.4/go.mod h1:LONHzUrZNzHvhV2prXPR09seOoz88msLvYODXgQmT0Q=
